dependencies:
- name: dex
  repository: https://charts.dexidp.io
  version: 0.19.1
- name: oauth2-proxy
  repository: https://oauth2-proxy.github.io/manifests
  version: 7.7.14
- name: httpbin
  repository: https://conservis.github.io/helm-charts
  version: 1.1.0
- name: hello-world
  repository: https://conservis.github.io/helm-charts
  version: 1.1.0
digest: sha256:5ec4e46211be8a8c5d573da0439bf2ec8ecf0c4a00e161b6b9c49f58870aff1d
generated: "2024-09-03T08:39:04.389588742Z"
